// !$*UTF8*$!
{
	archiveVersion = 1;
	classes = {
	};
	objectVersion = 50;
	objects = {

/* Begin PBXBuildFile section */
		92C42EDF2283572500A7C9C1 /* AppDelegate.swift in Sources */ = {isa = PBXBuildFile; fileRef = 92C42EDE2283572500A7C9C1 /* AppDelegate.swift */; };
		92C42EE42283572500A7C9C1 /* Main.storyboard in Resources */ = {isa = PBXBuildFile; fileRef = 92C42EE22283572500A7C9C1 /* Main.storyboard */; };
		92C42EE62283572700A7C9C1 /* Assets.xcassets in Resources */ = {isa = PBXBuildFile; fileRef = 92C42EE52283572700A7C9C1 /* Assets.xcassets */; };
		92C42EE92283572700A7C9C1 /* LaunchScreen.storyboard in Resources */ = {isa = PBXBuildFile; fileRef = 92C42EE72283572700A7C9C1 /* LaunchScreen.storyboard */; };
		92C42EF42283572700A7C9C1 /* TaskTests.swift in Sources */ = {isa = PBXBuildFile; fileRef = 92C42EF32283572700A7C9C1 /* TaskTests.swift */; };
		92C42EFF2283572700A7C9C1 /* TaskUITests.swift in Sources */ = {isa = PBXBuildFile; fileRef = 92C42EFE2283572700A7C9C1 /* TaskUITests.swift */; };
		92C42F102283676200A7C9C1 /* TaskListTableViewController.swift in Sources */ = {isa = PBXBuildFile; fileRef = 92C42F0F2283676200A7C9C1 /* TaskListTableViewController.swift */; };
		92C42F12228368F600A7C9C1 /* TaskDetailViewController.swift in Sources */ = {isa = PBXBuildFile; fileRef = 92C42F11228368F600A7C9C1 /* TaskDetailViewController.swift */; };
		92C42F172283694700A7C9C1 /* Task.xcdatamodeld in Sources */ = {isa = PBXBuildFile; fileRef = 92C42F152283694700A7C9C1 /* Task.xcdatamodeld */; };
		92C42F1A22836A4100A7C9C1 /* Task+Convience.swift in Sources */ = {isa = PBXBuildFile; fileRef = 92C42F1922836A4100A7C9C1 /* Task+Convience.swift */; };
		92C42F1C22836A6900A7C9C1 /* CoreDataStack.swift in Sources */ = {isa = PBXBuildFile; fileRef = 92C42F1B22836A6900A7C9C1 /* CoreDataStack.swift */; };
		92C42F1E2283703900A7C9C1 /* TaskController.swift in Sources */ = {isa = PBXBuildFile; fileRef = 92C42F1D2283703900A7C9C1 /* TaskController.swift */; };
		92C42F23228379CD00A7C9C1 /* TaskTableViewCell.swift in Sources */ = {isa = PBXBuildFile; fileRef = 92C42F22228379CD00A7C9C1 /* TaskTableViewCell.swift */; };
		92C42F25228391D500A7C9C1 /* ButtonTableViewCell.swift in Sources */ = {isa = PBXBuildFile; fileRef = 92C42F24228391D500A7C9C1 /* ButtonTableViewCell.swift */; };
/* End PBXBuildFile section */

/* Begin PBXContainerItemProxy section */
		92C42EF02283572700A7C9C1 /* PBXContainerItemProxy */ = {
			isa = PBXContainerItemProxy;
			containerPortal = 92C42ED32283572500A7C9C1 /* Project object */;
			proxyType = 1;
			remoteGlobalIDString = 92C42EDA2283572500A7C9C1;
			remoteInfo = Task;
		};
		92C42EFB2283572700A7C9C1 /* PBXContainerItemProxy */ = {
			isa = PBXContainerItemProxy;
			containerPortal = 92C42ED32283572500A7C9C1 /* Project object */;
			proxyType = 1;
			remoteGlobalIDString = 92C42EDA2283572500A7C9C1;
			remoteInfo = Task;
		};
/* End PBXContainerItemProxy section */

/* Begin PBXFileReference section */
		92C42EDB2283572500A7C9C1 /* Task.app */ = {isa = PBXFileReference; explicitFileType = wrapper.application; includeInIndex = 0; path = Task.app; sourceTree = BUILT_PRODUCTS_DIR; };
		92C42EDE2283572500A7C9C1 /* AppDelegate.swift */ = {isa = PBXFileReference; lastKnownFileType = sourcecode.swift; path = AppDelegate.swift; sourceTree = "<group>"; };
		92C42EE32283572500A7C9C1 /* Base */ = {isa = PBXFileReference; lastKnownFileType = file.storyboard; name = Base; path = Base.lproj/Main.storyboard; sourceTree = "<group>"; };
		92C42EE52283572700A7C9C1 /* Assets.xcassets */ = {isa = PBXFileReference; lastKnownFileType = folder.assetcatalog; path = Assets.xcassets; sourceTree = "<group>"; };
		92C42EE82283572700A7C9C1 /* Base */ = {isa = PBXFileReference; lastKnownFileType = file.storyboard; name = Base; path = Base.lproj/LaunchScreen.storyboard; sourceTree = "<group>"; };
		92C42EEA2283572700A7C9C1 /* Info.plist */ = {isa = PBXFileReference; lastKnownFileType = text.plist.xml; path = Info.plist; sourceTree = "<group>"; };
		92C42EEF2283572700A7C9C1 /* TaskTests.xctest */ = {isa = PBXFileReference; explicitFileType = wrapper.cfbundle; includeInIndex = 0; path = TaskTests.xctest; sourceTree = BUILT_PRODUCTS_DIR; };
		92C42EF32283572700A7C9C1 /* TaskTests.swift */ = {isa = PBXFileReference; lastKnownFileType = sourcecode.swift; path = TaskTests.swift; sourceTree = "<group>"; };
		92C42EF52283572700A7C9C1 /* Info.plist */ = {isa = PBXFileReference; lastKnownFileType = text.plist.xml; path = Info.plist; sourceTree = "<group>"; };
		92C42EFA2283572700A7C9C1 /* TaskUITests.xctest */ = {isa = PBXFileReference; explicitFileType = wrapper.cfbundle; includeInIndex = 0; path = TaskUITests.xctest; sourceTree = BUILT_PRODUCTS_DIR; };
		92C42EFE2283572700A7C9C1 /* TaskUITests.swift */ = {isa = PBXFileReference; lastKnownFileType = sourcecode.swift; path = TaskUITests.swift; sourceTree = "<group>"; };
		92C42F002283572700A7C9C1 /* Info.plist */ = {isa = PBXFileReference; lastKnownFileType = text.plist.xml; path = Info.plist; sourceTree = "<group>"; };
		92C42F0F2283676200A7C9C1 /* TaskListTableViewController.swift */ = {isa = PBXFileReference; lastKnownFileType = sourcecode.swift; path = TaskListTableViewController.swift; sourceTree = "<group>"; };
		92C42F11228368F600A7C9C1 /* TaskDetailViewController.swift */ = {isa = PBXFileReference; lastKnownFileType = sourcecode.swift; path = TaskDetailViewController.swift; sourceTree = "<group>"; };
		92C42F162283694700A7C9C1 /* Task.xcdatamodel */ = {isa = PBXFileReference; lastKnownFileType = wrapper.xcdatamodel; path = Task.xcdatamodel; sourceTree = "<group>"; };
		92C42F1922836A4100A7C9C1 /* Task+Convience.swift */ = {isa = PBXFileReference; lastKnownFileType = sourcecode.swift; path = "Task+Convience.swift"; sourceTree = "<group>"; };
		92C42F1B22836A6900A7C9C1 /* CoreDataStack.swift */ = {isa = PBXFileReference; lastKnownFileType = sourcecode.swift; path = CoreDataStack.swift; sourceTree = "<group>"; };
		92C42F1D2283703900A7C9C1 /* TaskController.swift */ = {isa = PBXFileReference; lastKnownFileType = sourcecode.swift; path = TaskController.swift; sourceTree = "<group>"; };
		92C42F22228379CD00A7C9C1 /* TaskTableViewCell.swift */ = {isa = PBXFileReference; lastKnownFileType = sourcecode.swift; path = TaskTableViewCell.swift; sourceTree = "<group>"; };
		92C42F24228391D500A7C9C1 /* ButtonTableViewCell.swift */ = {isa = PBXFileReference; lastKnownFileType = sourcecode.swift; path = ButtonTableViewCell.swift; sourceTree = "<group>"; };
/* End PBXFileReference section */

/* Begin PBXFrameworksBuildPhase section */
		92C42ED82283572500A7C9C1 /* Frameworks */ = {
			isa = PBXFrameworksBuildPhase;
			buildActionMask = 2147483647;
			files = (
			);
			runOnlyForDeploymentPostprocessing = 0;
		};
		92C42EEC2283572700A7C9C1 /* Frameworks */ = {
			isa = PBXFrameworksBuildPhase;
			buildActionMask = 2147483647;
			files = (
			);
			runOnlyForDeploymentPostprocessing = 0;
		};
		92C42EF72283572700A7C9C1 /* Frameworks */ = {
			isa = PBXFrameworksBuildPhase;
			buildActionMask = 2147483647;
			files = (
			);
			runOnlyForDeploymentPostprocessing = 0;
		};
/* End PBXFrameworksBuildPhase section */

/* Begin PBXGroup section */
		92C42ED22283572500A7C9C1 = {
			isa = PBXGroup;
			children = (
				92C42EDD2283572500A7C9C1 /* Task */,
				92C42EF22283572700A7C9C1 /* TaskTests */,
				92C42EFD2283572700A7C9C1 /* TaskUITests */,
				92C42EDC2283572500A7C9C1 /* Products */,
			);
			sourceTree = "<group>";
		};
		92C42EDC2283572500A7C9C1 /* Products */ = {
			isa = PBXGroup;
			children = (
				92C42EDB2283572500A7C9C1 /* Task.app */,
				92C42EEF2283572700A7C9C1 /* TaskTests.xctest */,
				92C42EFA2283572700A7C9C1 /* TaskUITests.xctest */,
			);
			name = Products;
			sourceTree = "<group>";
		};
		92C42EDD2283572500A7C9C1 /* Task */ = {
			isa = PBXGroup;
			children = (
				92C42F0C2283638600A7C9C1 /* Resources */,
				92C42F142283693300A7C9C1 /* Views */,
				92C42F212283750100A7C9C1 /* Controllers */,
				92C42F18228369A800A7C9C1 /* Models */,
				92C42F1B22836A6900A7C9C1 /* CoreDataStack.swift */,
			);
			path = Task;
			sourceTree = "<group>";
		};
		92C42EF22283572700A7C9C1 /* TaskTests */ = {
			isa = PBXGroup;
			children = (
				92C42EF32283572700A7C9C1 /* TaskTests.swift */,
				92C42EF52283572700A7C9C1 /* Info.plist */,
			);
			path = TaskTests;
			sourceTree = "<group>";
		};
		92C42EFD2283572700A7C9C1 /* TaskUITests */ = {
			isa = PBXGroup;
			children = (
				92C42EFE2283572700A7C9C1 /* TaskUITests.swift */,
				92C42F002283572700A7C9C1 /* Info.plist */,
			);
			path = TaskUITests;
			sourceTree = "<group>";
		};
		92C42F0C2283638600A7C9C1 /* Resources */ = {
			isa = PBXGroup;
			children = (
				92C42EDE2283572500A7C9C1 /* AppDelegate.swift */,
				92C42EE52283572700A7C9C1 /* Assets.xcassets */,
				92C42EE72283572700A7C9C1 /* LaunchScreen.storyboard */,
				92C42EEA2283572700A7C9C1 /* Info.plist */,
			);
			path = Resources;
			sourceTree = "<group>";
		};
		92C42F132283692100A7C9C1 /* View Controllers */ = {
			isa = PBXGroup;
			children = (
				92C42F0F2283676200A7C9C1 /* TaskListTableViewController.swift */,
				92C42F11228368F600A7C9C1 /* TaskDetailViewController.swift */,
			);
			path = "View Controllers";
			sourceTree = "<group>";
		};
		92C42F142283693300A7C9C1 /* Views */ = {
			isa = PBXGroup;
			children = (
				92C42EE22283572500A7C9C1 /* Main.storyboard */,
				92C42F22228379CD00A7C9C1 /* TaskTableViewCell.swift */,
				92C42F24228391D500A7C9C1 /* ButtonTableViewCell.swift */,
			);
			path = Views;
			sourceTree = "<group>";
		};
		92C42F18228369A800A7C9C1 /* Models */ = {
			isa = PBXGroup;
			children = (
				92C42F152283694700A7C9C1 /* Task.xcdatamodeld */,
				92C42F1922836A4100A7C9C1 /* Task+Convience.swift */,
			);
			path = Models;
			sourceTree = "<group>";
		};
		92C42F1F228374E000A7C9C1 /* Model Controllers */ = {
			isa = PBXGroup;
			children = (
				92C42F1D2283703900A7C9C1 /* TaskController.swift */,
			);
			path = "Model Controllers";
			sourceTree = "<group>";
		};
		92C42F212283750100A7C9C1 /* Controllers */ = {
			isa = PBXGroup;
			children = (
				92C42F132283692100A7C9C1 /* View Controllers */,
				92C42F1F228374E000A7C9C1 /* Model Controllers */,
			);
			path = Controllers;
			sourceTree = "<group>";
		};
/* End PBXGroup section */

/* Begin PBXNativeTarget section */
		92C42EDA2283572500A7C9C1 /* Task */ = {
			isa = PBXNativeTarget;
			buildConfigurationList = 92C42F032283572700A7C9C1 /* Build configuration list for PBXNativeTarget "Task" */;
			buildPhases = (
				92C42ED72283572500A7C9C1 /* Sources */,
				92C42ED82283572500A7C9C1 /* Frameworks */,
				92C42ED92283572500A7C9C1 /* Resources */,
			);
			buildRules = (
			);
			dependencies = (
			);
			name = Task;
			productName = Task;
			productReference = 92C42EDB2283572500A7C9C1 /* Task.app */;
			productType = "com.apple.product-type.application";
		};
		92C42EEE2283572700A7C9C1 /* TaskTests */ = {
			isa = PBXNativeTarget;
			buildConfigurationList = 92C42F062283572700A7C9C1 /* Build configuration list for PBXNativeTarget "TaskTests" */;
			buildPhases = (
				92C42EEB2283572700A7C9C1 /* Sources */,
				92C42EEC2283572700A7C9C1 /* Frameworks */,
				92C42EED2283572700A7C9C1 /* Resources */,
			);
			buildRules = (
			);
			dependencies = (
				92C42EF12283572700A7C9C1 /* PBXTargetDependency */,
			);
			name = TaskTests;
			productName = TaskTests;
			productReference = 92C42EEF2283572700A7C9C1 /* TaskTests.xctest */;
			productType = "com.apple.product-type.bundle.unit-test";
		};
		92C42EF92283572700A7C9C1 /* TaskUITests */ = {
			isa = PBXNativeTarget;
			buildConfigurationList = 92C42F092283572700A7C9C1 /* Build configuration list for PBXNativeTarget "TaskUITests" */;
			buildPhases = (
				92C42EF62283572700A7C9C1 /* Sources */,
				92C42EF72283572700A7C9C1 /* Frameworks */,
				92C42EF82283572700A7C9C1 /* Resources */,
			);
			buildRules = (
			);
			dependencies = (
				92C42EFC2283572700A7C9C1 /* PBXTargetDependency */,
			);
			name = TaskUITests;
			productName = TaskUITests;
			productReference = 92C42EFA2283572700A7C9C1 /* TaskUITests.xctest */;
			productType = "com.apple.product-type.bundle.ui-testing";
		};
/* End PBXNativeTarget section */

/* Begin PBXProject section */
		92C42ED32283572500A7C9C1 /* Project object */ = {
			isa = PBXProject;
			attributes = {
				LastSwiftUpdateCheck = 1010;
				LastUpgradeCheck = 1010;
				ORGANIZATIONNAME = "William Moody";
				TargetAttributes = {
					92C42EDA2283572500A7C9C1 = {
						CreatedOnToolsVersion = 10.1;
					};
					92C42EEE2283572700A7C9C1 = {
						CreatedOnToolsVersion = 10.1;
						TestTargetID = 92C42EDA2283572500A7C9C1;
					};
					92C42EF92283572700A7C9C1 = {
						CreatedOnToolsVersion = 10.1;
						TestTargetID = 92C42EDA2283572500A7C9C1;
					};
				};
			};
			buildConfigurationList = 92C42ED62283572500A7C9C1 /* Build configuration list for PBXProject "Task" */;
			compatibilityVersion = "Xcode 9.3";
			developmentRegion = en;
			hasScannedForEncodings = 0;
			knownRegions = (
				en,
				Base,
			);
			mainGroup = 92C42ED22283572500A7C9C1;
			productRefGroup = 92C42EDC2283572500A7C9C1 /* Products */;
			projectDirPath = "";
			projectRoot = "";
			targets = (
				92C42EDA2283572500A7C9C1 /* Task */,
				92C42EEE2283572700A7C9C1 /* TaskTests */,
				92C42EF92283572700A7C9C1 /* TaskUITests */,
			);
		};
/* End PBXProject section */

/* Begin PBXResourcesBuildPhase section */
		92C42ED92283572500A7C9C1 /* Resources */ = {
			isa = PBXResourcesBuildPhase;
			buildActionMask = 2147483647;
			files = (
				92C42EE92283572700A7C9C1 /* LaunchScreen.storyboard in Resources */,
				92C42EE62283572700A7C9C1 /* Assets.xcassets in Resources */,
				92C42EE42283572500A7C9C1 /* Main.storyboard in Resources */,
			);
			runOnlyForDeploymentPostprocessing = 0;
		};
		92C42EED2283572700A7C9C1 /* Resources */ = {
			isa = PBXResourcesBuildPhase;
			buildActionMask = 2147483647;
			files = (
			);
			runOnlyForDeploymentPostprocessing = 0;
		};
		92C42EF82283572700A7C9C1 /* Resources */ = {
			isa = PBXResourcesBuildPhase;
			buildActionMask = 2147483647;
			files = (
			);
			runOnlyForDeploymentPostprocessing = 0;
		};
/* End PBXResourcesBuildPhase section */

/* Begin PBXSourcesBuildPhase section */
		92C42ED72283572500A7C9C1 /* Sources */ = {
			isa = PBXSourcesBuildPhase;
			buildActionMask = 2147483647;
			files = (
				92C42F25228391D500A7C9C1 /* ButtonTableViewCell.swift in Sources */,
				92C42F1C22836A6900A7C9C1 /* CoreDataStack.swift in Sources */,
				92C42F102283676200A7C9C1 /* TaskListTableViewController.swift in Sources */,
				92C42F23228379CD00A7C9C1 /* TaskTableViewCell.swift in Sources */,
				92C42F1A22836A4100A7C9C1 /* Task+Convience.swift in Sources */,
				92C42EDF2283572500A7C9C1 /* AppDelegate.swift in Sources */,
				92C42F12228368F600A7C9C1 /* TaskDetailViewController.swift in Sources */,
				92C42F172283694700A7C9C1 /* Task.xcdatamodeld in Sources */,
				92C42F1E2283703900A7C9C1 /* TaskController.swift in Sources */,
			);
			runOnlyForDeploymentPostprocessing = 0;
		};
		92C42EEB2283572700A7C9C1 /* Sources */ = {
			isa = PBXSourcesBuildPhase;
			buildActionMask = 2147483647;
			files = (
				92C42EF42283572700A7C9C1 /* TaskTests.swift in Sources */,
			);
			runOnlyForDeploymentPostprocessing = 0;
		};
		92C42EF62283572700A7C9C1 /* Sources */ = {
			isa = PBXSourcesBuildPhase;
			buildActionMask = 2147483647;
			files = (
				92C42EFF2283572700A7C9C1 /* TaskUITests.swift in Sources */,
			);
			runOnlyForDeploymentPostprocessing = 0;
		};
/* End PBXSourcesBuildPhase section */

/* Begin PBXTargetDependency section */
		92C42EF12283572700A7C9C1 /* PBXTargetDependency */ = {
			isa = PBXTargetDependency;
			target = 92C42EDA2283572500A7C9C1 /* Task */;
			targetProxy = 92C42EF02283572700A7C9C1 /* PBXContainerItemProxy */;
		};
		92C42EFC2283572700A7C9C1 /* PBXTargetDependency */ = {
			isa = PBXTargetDependency;
			target = 92C42EDA2283572500A7C9C1 /* Task */;
			targetProxy = 92C42EFB2283572700A7C9C1 /* PBXContainerItemProxy */;
		};
/* End PBXTargetDependency section */

/* Begin PBXVariantGroup section */
		92C42EE22283572500A7C9C1 /* Main.storyboard */ = {
			isa = PBXVariantGroup;
			children = (
				92C42EE32283572500A7C9C1 /* Base */,
			);
			name = Main.storyboard;
			sourceTree = "<group>";
		};
		92C42EE72283572700A7C9C1 /* LaunchScreen.storyboard */ = {
			isa = PBXVariantGroup;
			children = (
				92C42EE82283572700A7C9C1 /* Base */,
			);
			name = LaunchScreen.storyboard;
			sourceTree = "<group>";
		};
/* End PBXVariantGroup section */

/* Begin XCBuildConfiguration section */
		92C42F012283572700A7C9C1 /* Debug */ = {
			isa = XCBuildConfiguration;
			buildSettings = {
				ALWAYS_SEARCH_USER_PATHS = NO;
				CLANG_ANALYZER_NONNULL = YES;
				CLANG_ANALYZER_NUMBER_OBJECT_CONVERSION = YES_AGGRESSIVE;
				CLANG_CXX_LANGUAGE_STANDARD = "gnu++14";
				CLANG_CXX_LIBRARY = "libc++";
				CLANG_ENABLE_MODULES = YES;
				CLANG_ENABLE_OBJC_ARC = YES;
				CLANG_ENABLE_OBJC_WEAK = YES;
				CLANG_WARN_BLOCK_CAPTURE_AUTORELEASING = YES;
				CLANG_WARN_BOOL_CONVERSION = YES;
				CLANG_WARN_COMMA = YES;
				CLANG_WARN_CONSTANT_CONVERSION = YES;
				CLANG_WARN_DEPRECATED_OBJC_IMPLEMENTATIONS = YES;
				CLANG_WARN_DIRECT_OBJC_ISA_USAGE = YES_ERROR;
				CLANG_WARN_DOCUMENTATION_COMMENTS = YES;
				CLANG_WARN_EMPTY_BODY = YES;
				CLANG_WARN_ENUM_CONVERSION = YES;
				CLANG_WARN_INFINITE_RECURSION = YES;
				CLANG_WARN_INT_CONVERSION = YES;
				CLANG_WARN_NON_LITERAL_NULL_CONVERSION = YES;
				CLANG_WARN_OBJC_IMPLICIT_RETAIN_SELF = YES;
				CLANG_WARN_OBJC_LITERAL_CONVERSION = YES;
				CLANG_WARN_OBJC_ROOT_CLASS = YES_ERROR;
				CLANG_WARN_RANGE_LOOP_ANALYSIS = YES;
				CLANG_WARN_STRICT_PROTOTYPES = YES;
				CLANG_WARN_SUSPICIOUS_MOVE = YES;
				CLANG_WARN_UNGUARDED_AVAILABILITY = YES_AGGRESSIVE;
				CLANG_WARN_UNREACHABLE_CODE = YES;
				CLANG_WARN__DUPLICATE_METHOD_MATCH = YES;
				CODE_SIGN_IDENTITY = "iPhone Developer";
				COPY_PHASE_STRIP = NO;
				DEBUG_INFORMATION_FORMAT = dwarf;
				ENABLE_STRICT_OBJC_MSGSEND = YES;
				ENABLE_TESTABILITY = YES;
				GCC_C_LANGUAGE_STANDARD = gnu11;
				GCC_DYNAMIC_NO_PIC = NO;
				GCC_NO_COMMON_BLOCKS = YES;
				GCC_OPTIMIZATION_LEVEL = 0;
				GCC_PREPROCESSOR_DEFINITIONS = (
					"DEBUG=1",
					"$(inherited)",
				);
				GCC_WARN_64_TO_32_BIT_CONVERSION = YES;
				GCC_WARN_ABOUT_RETURN_TYPE = YES_ERROR;
				GCC_WARN_UNDECLARED_SELECTOR = YES;
				GCC_WARN_UNINITIALIZED_AUTOS = YES_AGGRESSIVE;
				GCC_WARN_UNUSED_FUNCTION = YES;
				GCC_WARN_UNUSED_VARIABLE = YES;
				IPHONEOS_DEPLOYMENT_TARGET = 12.1;
				MTL_ENABLE_DEBUG_INFO = INCLUDE_SOURCE;
				MTL_FAST_MATH = YES;
				ONLY_ACTIVE_ARCH = YES;
				SDKROOT = iphoneos;
				SWIFT_ACTIVE_COMPILATION_CONDITIONS = DEBUG;
				SWIFT_OPTIMIZATION_LEVEL = "-Onone";
			};
			name = Debug;
		};
		92C42F022283572700A7C9C1 /* Release */ = {
			isa = XCBuildConfiguration;
			buildSettings = {
				ALWAYS_SEARCH_USER_PATHS = NO;
				CLANG_ANALYZER_NONNULL = YES;
				CLANG_ANALYZER_NUMBER_OBJECT_CONVERSION = YES_AGGRESSIVE;
				CLANG_CXX_LANGUAGE_STANDARD = "gnu++14";
				CLANG_CXX_LIBRARY = "libc++";
				CLANG_ENABLE_MODULES = YES;
				CLANG_ENABLE_OBJC_ARC = YES;
				CLANG_ENABLE_OBJC_WEAK = YES;
				CLANG_WARN_BLOCK_CAPTURE_AUTORELEASING = YES;
				CLANG_WARN_BOOL_CONVERSION = YES;
				CLANG_WARN_COMMA = YES;
				CLANG_WARN_CONSTANT_CONVERSION = YES;
				CLANG_WARN_DEPRECATED_OBJC_IMPLEMENTATIONS = YES;
				CLANG_WARN_DIRECT_OBJC_ISA_USAGE = YES_ERROR;
				CLANG_WARN_DOCUMENTATION_COMMENTS = YES;
				CLANG_WARN_EMPTY_BODY = YES;
				CLANG_WARN_ENUM_CONVERSION = YES;
				CLANG_WARN_INFINITE_RECURSION = YES;
				CLANG_WARN_INT_CONVERSION = YES;
				CLANG_WARN_NON_LITERAL_NULL_CONVERSION = YES;
				CLANG_WARN_OBJC_IMPLICIT_RETAIN_SELF = YES;
				CLANG_WARN_OBJC_LITERAL_CONVERSION = YES;
				CLANG_WARN_OBJC_ROOT_CLASS = YES_ERROR;
				CLANG_WARN_RANGE_LOOP_ANALYSIS = YES;
				CLANG_WARN_STRICT_PROTOTYPES = YES;
				CLANG_WARN_SUSPICIOUS_MOVE = YES;
				CLANG_WARN_UNGUARDED_AVAILABILITY = YES_AGGRESSIVE;
				CLANG_WARN_UNREACHABLE_CODE = YES;
				CLANG_WARN__DUPLICATE_METHOD_MATCH = YES;
				CODE_SIGN_IDENTITY = "iPhone Developer";
				COPY_PHASE_STRIP = NO;
				DEBUG_INFORMATION_FORMAT = "dwarf-with-dsym";
				ENABLE_NS_ASSERTIONS = NO;
				ENABLE_STRICT_OBJC_MSGSEND = YES;
				GCC_C_LANGUAGE_STANDARD = gnu11;
				GCC_NO_COMMON_BLOCKS = YES;
				GCC_WARN_64_TO_32_BIT_CONVERSION = YES;
				GCC_WARN_ABOUT_RETURN_TYPE = YES_ERROR;
				GCC_WARN_UNDECLARED_SELECTOR = YES;
				GCC_WARN_UNINITIALIZED_AUTOS = YES_AGGRESSIVE;
				GCC_WARN_UNUSED_FUNCTION = YES;
				GCC_WARN_UNUSED_VARIABLE = YES;
				IPHONEOS_DEPLOYMENT_TARGET = 12.1;
				MTL_ENABLE_DEBUG_INFO = NO;
				MTL_FAST_MATH = YES;
				SDKROOT = iphoneos;
				SWIFT_COMPILATION_MODE = wholemodule;
				SWIFT_OPTIMIZATION_LEVEL = "-O";
				VALIDATE_PRODUCT = YES;
			};
			name = Release;
		};
		92C42F042283572700A7C9C1 /* Debug */ = {
			isa = XCBuildConfiguration;
			buildSettings = {
				ASSETCATALOG_COMPILER_APPICON_NAME = AppIcon;
				CODE_SIGN_STYLE = Automatic;
				INFOPLIST_FILE = "$(SRCROOT)/Task/Resources/Info.plist";
				LD_RUNPATH_SEARCH_PATHS = (
					"$(inherited)",
					"@executable_path/Frameworks",
				);
				PRODUCT_BUNDLE_IDENTIFIER = "William-Moody.Task";
				PRODUCT_NAME = "$(TARGET_NAME)";
				SWIFT_VERSION = 4.2;
				TARGETED_DEVICE_FAMILY = "1,2";
			};
			name = Debug;
		};
		92C42F052283572700A7C9C1 /* Release */ = {
			isa = XCBuildConfiguration;
			buildSettings = {
				ASSETCATALOG_COMPILER_APPICON_NAME = AppIcon;
				CODE_SIGN_STYLE = Automatic;
				INFOPLIST_FILE = "$(SRCROOT)/Task/Resources/Info.plist";
				LD_RUNPATH_SEARCH_PATHS = (
					"$(inherited)",
					"@executable_path/Frameworks",
				);
				PRODUCT_BUNDLE_IDENTIFIER = "William-Moody.Task";
				PRODUCT_NAME = "$(TARGET_NAME)";
				SWIFT_VERSION = 4.2;
				TARGETED_DEVICE_FAMILY = "1,2";
			};
			name = Release;
		};
		92C42F072283572700A7C9C1 /* Debug */ = {
			isa = XCBuildConfiguration;
			buildSettings = {
				ALWAYS_EMBED_SWIFT_STANDARD_LIBRARIES = YES;
				BUNDLE_LOADER = "$(TEST_HOST)";
				CODE_SIGN_STYLE = Automatic;
				INFOPLIST_FILE = TaskTests/Info.plist;
				LD_RUNPATH_SEARCH_PATHS = (
					"$(inherited)",
					"@executable_path/Frameworks",
					"@loader_path/Frameworks",
				);
				PRODUCT_BUNDLE_IDENTIFIER = "William-Moody.TaskTests";
				PRODUCT_NAME = "$(TARGET_NAME)";
				SWIFT_VERSION = 4.2;
				TARGETED_DEVICE_FAMILY = "1,2";
				TEST_HOST = "$(BUILT_PRODUCTS_DIR)/Task.app/Task";
			};
			name = Debug;
		};
		92C42F082283572700A7C9C1 /* Release */ = {
			isa = XCBuildConfiguration;
			buildSettings = {
				ALWAYS_EMBED_SWIFT_STANDARD_LIBRARIES = YES;
				BUNDLE_LOADER = "$(TEST_HOST)";
				CODE_SIGN_STYLE = Automatic;
				INFOPLIST_FILE = TaskTests/Info.plist;
				LD_RUNPATH_SEARCH_PATHS = (
					"$(inherited)",
					"@executable_path/Frameworks",
					"@loader_path/Frameworks",
				);
				PRODUCT_BUNDLE_IDENTIFIER = "William-Moody.TaskTests";
				PRODUCT_NAME = "$(TARGET_NAME)";
				SWIFT_VERSION = 4.2;
				TARGETED_DEVICE_FAMILY = "1,2";
				TEST_HOST = "$(BUILT_PRODUCTS_DIR)/Task.app/Task";
			};
			name = Release;
		};
		92C42F0A2283572700A7C9C1 /* Debug */ = {
			isa = XCBuildConfiguration;
			buildSettings = {
				ALWAYS_EMBED_SWIFT_STANDARD_LIBRARIES = YES;
				CODE_SIGN_STYLE = Automatic;
				INFOPLIST_FILE = TaskUITests/Info.plist;
				LD_RUNPATH_SEARCH_PATHS = (
					"$(inherited)",
					"@executable_path/Frameworks",
					"@loader_path/Frameworks",
				);
				PRODUCT_BUNDLE_IDENTIFIER = "William-Moody.TaskUITests";
				PRODUCT_NAME = "$(TARGET_NAME)";
				SWIFT_VERSION = 4.2;
				TARGETED_DEVICE_FAMILY = "1,2";
				TEST_TARGET_NAME = Task;
			};
			name = Debug;
		};
		92C42F0B2283572700A7C9C1 /* Release */ = {
			isa = XCBuildConfiguration;
			buildSettings = {
				ALWAYS_EMBED_SWIFT_STANDARD_LIBRARIES = YES;
				CODE_SIGN_STYLE = Automatic;
				INFOPLIST_FILE = TaskUITests/Info.plist;
				LD_RUNPATH_SEARCH_PATHS = (
					"$(inherited)",
					"@executable_path/Frameworks",
					"@loader_path/Frameworks",
				);
				PRODUCT_BUNDLE_IDENTIFIER = "William-Moody.TaskUITests";
				PRODUCT_NAME = "$(TARGET_NAME)";
				SWIFT_VERSION = 4.2;
				TARGETED_DEVICE_FAMILY = "1,2";
				TEST_TARGET_NAME = Task;
			};
			name = Release;
		};
/* End XCBuildConfiguration section */

/* Begin XCConfigurationList section */
		92C42ED62283572500A7C9C1 /* Build configuration list for PBXProject "Task" */ = {
			isa = XCConfigurationList;
			buildConfigurations = (
				92C42F012283572700A7C9C1 /* Debug */,
				92C42F022283572700A7C9C1 /* Release */,
			);
			defaultConfigurationIsVisible = 0;
			defaultConfigurationName = Release;
		};
		92C42F032283572700A7C9C1 /* Build configuration list for PBXNativeTarget "Task" */ = {
			isa = XCConfigurationList;
			buildConfigurations = (
				92C42F042283572700A7C9C1 /* Debug */,
				92C42F052283572700A7C9C1 /* Release */,
			);
			defaultConfigurationIsVisible = 0;
			defaultConfigurationName = Release;
		};
		92C42F062283572700A7C9C1 /* Build configuration list for PBXNativeTarget "TaskTests" */ = {
			isa = XCConfigurationList;
			buildConfigurations = (
				92C42F072283572700A7C9C1 /* Debug */,
				92C42F082283572700A7C9C1 /* Release */,
			);
			defaultConfigurationIsVisible = 0;
			defaultConfigurationName = Release;
		};
		92C42F092283572700A7C9C1 /* Build configuration list for PBXNativeTarget "TaskUITests" */ = {
			isa = XCConfigurationList;
			buildConfigurations = (
				92C42F0A2283572700A7C9C1 /* Debug */,
				92C42F0B2283572700A7C9C1 /* Release */,
			);
			defaultConfigurationIsVisible = 0;
			defaultConfigurationName = Release;
		};
/* End XCConfigurationList section */

/* Begin XCVersionGroup section */
		92C42F152283694700A7C9C1 /* Task.xcdatamodeld */ = {
			isa = XCVersionGroup;
			children = (
				92C42F162283694700A7C9C1 /* Task.xcdatamodel */,
			);
			currentVersion = 92C42F162283694700A7C9C1 /* Task.xcdatamodel */;
			path = Task.xcdatamodeld;
			sourceTree = "<group>";
			versionGroupType = wrapper.xcdatamodel;
		};
/* End XCVersionGroup section */
	};
	rootObject = 92C42ED32283572500A7C9C1 /* Project object */;
}
